
Microsoft Visual Studio Solution File, Format Version 12.00
# Visual Studio Version 17
VisualStudioVersion = 17.5.33627.172
MinimumVisualStudioVersion = 10.0.40219.1
Project("{FAE04EC0-301F-11D3-BF4B-00C04F79EFBC}") = "AdminPortal.API", "AdminPortal.API\AdminPortal.API.csproj", "{A96C54C7-F315-47AA-88FE-393D8E32B80B}"
EndProject
Global
	GlobalSection(SolutionConfigurationPlatforms) = preSolution
		Debug|Any CPU = Debug|Any CPU
		Release|Any CPU = Release|Any CPU
	EndGlobalSection
	GlobalSection(ProjectConfigurationPlatforms) = postSolution
		{A96C54C7-F315-47AA-88FE-393D8E32B80B}.Debug|Any CPU.ActiveCfg = Debug|Any CPU
		{A96C54C7-F315-47AA-88FE-393D8E32B80B}.Debug|Any CPU.Build.0 = Debug|Any CPU
		{A96C54C7-F315-47AA-88FE-393D8E32B80B}.Release|Any CPU.ActiveCfg = Release|Any CPU
		{A96C54C7-F315-47AA-88FE-393D8E32B80B}.Release|Any CPU.Build.0 = Release|Any CPU
	EndGlobalSection
	GlobalSection(SolutionProperties) = preSolution
		HideSolutionNode = FALSE
	EndGlobalSection
	GlobalSection(ExtensibilityGlobals) = postSolution
		SolutionGuid = {166A1AFD-B8BF-4696-B14A-601706E9994C}
	EndGlobalSection
EndGlobal
